
Microsoft Visual Studio Solution File, Format Version 12.00
# Visual Studio 14
VisualStudioVersion = 14.0.25420.1
MinimumVisualStudioVersion = 10.0.40219.1
Project("{FAE04EC0-301F-11D3-BF4B-00C04F79EFBC}") = "ConsoleApplication1", "ConsoleApplication1\ConsoleApplication1.csproj", "{F3CF9FB2-EF19-4AF4-89AA-0F035317829C}"
EndProject
Project("{FAE04EC0-301F-11D3-BF4B-00C04F79EFBC}") = "TrackAndAlbumList", "TrackAndAlbumList\TrackAndAlbumList.csproj", "{99D83BBA-DD32-4C77-9143-5043ACC2C634}"
EndProject
Project("{FAE04EC0-301F-11D3-BF4B-00C04F79EFBC}") = "AdventureWorks", "AdventureWorks\AdventureWorks.csproj", "{B16E3A96-73F4-48B7-98C7-4D8F10C492B6}"
EndProject
Global
	GlobalSection(SolutionConfigurationPlatforms) = preSolution
		Debug|Any CPU = Debug|Any CPU
		Release|Any CPU = Release|Any CPU
	EndGlobalSection
	GlobalSection(ProjectConfigurationPlatforms) = postSolution
		{F3CF9FB2-EF19-4AF4-89AA-0F035317829C}.Debug|Any CPU.ActiveCfg = Debug|Any CPU
		{F3CF9FB2-EF19-4AF4-89AA-0F035317829C}.Debug|Any CPU.Build.0 = Debug|Any CPU
		{F3CF9FB2-EF19-4AF4-89AA-0F035317829C}.Release|Any CPU.ActiveCfg = Release|Any CPU
		{F3CF9FB2-EF19-4AF4-89AA-0F035317829C}.Release|Any CPU.Build.0 = Release|Any CPU
		{99D83BBA-DD32-4C77-9143-5043ACC2C634}.Debug|Any CPU.ActiveCfg = Debug|Any CPU
		{99D83BBA-DD32-4C77-9143-5043ACC2C634}.Debug|Any CPU.Build.0 = Debug|Any CPU
		{99D83BBA-DD32-4C77-9143-5043ACC2C634}.Release|Any CPU.ActiveCfg = Release|Any CPU
		{99D83BBA-DD32-4C77-9143-5043ACC2C634}.Release|Any CPU.Build.0 = Release|Any CPU
		{B16E3A96-73F4-48B7-98C7-4D8F10C492B6}.Debug|Any CPU.ActiveCfg = Debug|Any CPU
		{B16E3A96-73F4-48B7-98C7-4D8F10C492B6}.Debug|Any CPU.Build.0 = Debug|Any CPU
		{B16E3A96-73F4-48B7-98C7-4D8F10C492B6}.Release|Any CPU.ActiveCfg = Release|Any CPU
		{B16E3A96-73F4-48B7-98C7-4D8F10C492B6}.Release|Any CPU.Build.0 = Release|Any CPU
	EndGlobalSection
	GlobalSection(SolutionProperties) = preSolution
		HideSolutionNode = FALSE
	EndGlobalSection
EndGlobal
